{
  "name": "pp-router.js",
  "version": "2.1.6",
  "lockfileVersion": 2,
  "requires": true,
  "packages": {
    "": {
      "name": "pp-router.js",
      "version": "2.1.2",
      "license": "MIT",
      "dependencies": {
        "pp-is": "^1.0.0"
      }
    },
    "node_modules/pp-is": {
      "version": "1.0.0",
      "resolved": "https://registry.npmjs.org/pp-is/-/pp-is-1.0.0.tgz",
      "integrity": "sha512-/PqJKTHXw1MCBfHdtZgYhr90yRS9kH4+JqZut3OK6VG45sdFGfcoOsNYIqrBL6On2+yIFSABgNOSPzjTnsdVIA=="
    }
  },
  "dependencies": {
    "pp-is": {
      "version": "1.0.0",
      "resolved": "https://registry.npmjs.org/pp-is/-/pp-is-1.0.0.tgz",
      "integrity": "sha512-/PqJKTHXw1MCBfHdtZgYhr90yRS9kH4+JqZut3OK6VG45sdFGfcoOsNYIqrBL6On2+yIFSABgNOSPzjTnsdVIA=="
    }
  }
}
